
Microsoft Visual Studio Solution File, Format Version 12.00
# Visual Studio Version 16
VisualStudioVersion = 16.0.30524.135
MinimumVisualStudioVersion = 10.0.40219.1
Project("{FAE04EC0-301F-11D3-BF4B-00C04F79EFBC}") = "LightningRodInteractive.ContactService", "LightningRodInteractive.ContactService.csproj", "{F3552368-E515-41A1-8B3D-89CC18CC0CA9}"
EndProject
Global
	GlobalSection(SolutionConfigurationPlatforms) = preSolution
		Debug|Any CPU = Debug|Any CPU
		Release|Any CPU = Release|Any CPU
	EndGlobalSection
	GlobalSection(ProjectConfigurationPlatforms) = postSolution
		{F3552368-E515-41A1-8B3D-89CC18CC0CA9}.Debug|Any CPU.ActiveCfg = Debug|Any CPU
		{F3552368-E515-41A1-8B3D-89CC18CC0CA9}.Debug|Any CPU.Build.0 = Debug|Any CPU
		{F3552368-E515-41A1-8B3D-89CC18CC0CA9}.Release|Any CPU.ActiveCfg = Release|Any CPU
		{F3552368-E515-41A1-8B3D-89CC18CC0CA9}.Release|Any CPU.Build.0 = Release|Any CPU
	EndGlobalSection
	GlobalSection(SolutionProperties) = preSolution
		HideSolutionNode = FALSE
	EndGlobalSection
	GlobalSection(ExtensibilityGlobals) = postSolution
		SolutionGuid = {19538E4A-92F8-43AD-8FFF-45DE310F57E6}
	EndGlobalSection
EndGlobal
